
Microsoft Visual Studio Solution File, Format Version 12.00
# Visual Studio 15
VisualStudioVersion = 15.0.27004.2009
MinimumVisualStudioVersion = 10.0.40219.1
Project("{FAE04EC0-301F-11D3-BF4B-00C04F79EFBC}") = "WebApplication", "WebApplication\WebApplication.csproj", "{E25D4C91-5609-44B1-82B7-925DA6BC4E1A}"
EndProject
Project("{E53339B2-1760-4266-BCC7-CA923CBCF16C}") = "docker-compose", "docker-compose.dcproj", "{E2222DFA-8CDD-4B14-87B1-0550BF78D359}"
EndProject
Global
	GlobalSection(SolutionConfigurationPlatforms) = preSolution
		Debug|Any CPU = Debug|Any CPU
		Release|Any CPU = Release|Any CPU
	EndGlobalSection
	GlobalSection(ProjectConfigurationPlatforms) = postSolution
		{E25D4C91-5609-44B1-82B7-925DA6BC4E1A}.Debug|Any CPU.ActiveCfg = Debug|Any CPU
		{E25D4C91-5609-44B1-82B7-925DA6BC4E1A}.Debug|Any CPU.Build.0 = Debug|Any CPU
		{E25D4C91-5609-44B1-82B7-925DA6BC4E1A}.Release|Any CPU.ActiveCfg = Release|Any CPU
		{E25D4C91-5609-44B1-82B7-925DA6BC4E1A}.Release|Any CPU.Build.0 = Release|Any CPU
		{E2222DFA-8CDD-4B14-87B1-0550BF78D359}.Debug|Any CPU.ActiveCfg = Debug|Any CPU
		{E2222DFA-8CDD-4B14-87B1-0550BF78D359}.Debug|Any CPU.Build.0 = Debug|Any CPU
		{E2222DFA-8CDD-4B14-87B1-0550BF78D359}.Release|Any CPU.ActiveCfg = Release|Any CPU
		{E2222DFA-8CDD-4B14-87B1-0550BF78D359}.Release|Any CPU.Build.0 = Release|Any CPU
	EndGlobalSection
	GlobalSection(SolutionProperties) = preSolution
		HideSolutionNode = FALSE
	EndGlobalSection
	GlobalSection(ExtensibilityGlobals) = postSolution
		SolutionGuid = {1B4B9083-2638-41D6-B78B-88971F0B70D3}
	EndGlobalSection
EndGlobal
